<?xml version="1.0" encoding="utf-8"?>
<Project ToolsVersion="4.0" xmlns="http://schemas.microsoft.com/developer/msbuild/2003">
  <ItemGroup>
    <Filter Include="Source Files">
      <UniqueIdentifier>{330b03a9-3741-4788-aa56-0b77e5575d9b}</UniqueIdentifier>
      <Extensions>cpp;c;cxx;rc;def;r;odl;idl;hpj;bat</Extensions>
    </Filter>
    <Filter Include="Header Files">
      <UniqueIdentifier>{f92ccfe3-3d67-4569-a9d0-ef01da99c9b3}</UniqueIdentifier>
      <Extensions>h;hpp;hxx;hm;inl</Extensions>
    </Filter>
    <Filter Include="Header Files\codebook">
      <UniqueIdentifier>{4cc108d4-0384-4a18-aea0-da3eb31d18d4}</UniqueIdentifier>
    </Filter>
  </ItemGroup>
  <ItemGroup>
    <ClCompile Include="libfaad\bits.c">
      <Filter>Source Files</Filter>
    </ClCompile>
    <ClCompile Include="libfaad\cfft.c">
      <Filter>Source Files</Filter>
    </ClCompile>
    <ClCompile Include="libfaad\common.c">
      <Filter>Source Files</Filter>
    </ClCompile>
    <ClCompile Include="libfaad\decoder.c">
      <Filter>Source Files</Filter>
    </ClCompile>
    <ClCompile Include="libfaad\drc.c">
      <Filter>Source Files</Filter>
    </ClCompile>
    <ClCompile Include="libfaad\drm_dec.c">
      <Filter>Source Files</Filter>
    </ClCompile>
    <ClCompile Include="libfaad\error.c">
      <Filter>Source Files</Filter>
    </ClCompile>
    <ClCompile Include="libfaad\filtbank.c">
      <Filter>Source Files</Filter>
    </ClCompile>
    <ClCompile Include="libfaad\hcr.c">
      <Filter>Source Files</Filter>
    </ClCompile>
    <ClCompile Include="libfaad\huffman.c">
      <Filter>Source Files</Filter>
    </ClCompile>
    <ClCompile Include="libfaad\ic_predict.c">
      <Filter>Source Files</Filter>
    </ClCompile>
    <ClCompile Include="libfaad\is.c">
      <Filter>Source Files</Filter>
    </ClCompile>
    <ClCompile Include="libfaad\lt_predict.c">
      <Filter>Source Files</Filter>
    </ClCompile>
    <ClCompile Include="libfaad\mdct.c">
      <Filter>Source Files</Filter>
    </ClCompile>
    <ClCompile Include="libfaad\mp4.c">
      <Filter>Source Files</Filter>
    </ClCompile>
    <ClCompile Include="libfaad\ms.c">
      <Filter>Source Files</Filter>
    </ClCompile>
    <ClCompile Include="libfaad\output.c">
      <Filter>Source Files</Filter>
    </ClCompile>
    <ClCompile Include="libfaad\pns.c">
      <Filter>Source Files</Filter>
    </ClCompile>
    <ClCompile Include="libfaad\ps_dec.c">
      <Filter>Source Files</Filter>
    </ClCompile>
    <ClCompile Include="libfaad\ps_syntax.c">
      <Filter>Source Files</Filter>
    </ClCompile>
    <ClCompile Include="libfaad\pulse.c">
      <Filter>Source Files</Filter>
    </ClCompile>
    <ClCompile Include="libfaad\rvlc.c">
      <Filter>Source Files</Filter>
    </ClCompile>
    <ClCompile Include="libfaad\sbr_dct.c">
      <Filter>Source Files</Filter>
    </ClCompile>
    <ClCompile Include="libfaad\sbr_dec.c">
      <Filter>Source Files</Filter>
    </ClCompile>
    <ClCompile Include="libfaad\sbr_e_nf.c">
      <Filter>Source Files</Filter>
    </ClCompile>
    <ClCompile Include="libfaad\sbr_fbt.c">
      <Filter>Source Files</Filter>
    </ClCompile>
    <ClCompile Include="libfaad\sbr_hfadj.c">
      <Filter>Source Files</Filter>
    </ClCompile>
    <ClCompile Include="libfaad\sbr_hfgen.c">
      <Filter>Source Files</Filter>
    </ClCompile>
    <ClCompile Include="libfaad\sbr_huff.c">
      <Filter>Source Files</Filter>
    </ClCompile>
    <ClCompile Include="libfaad\sbr_qmf.c">
      <Filter>Source Files</Filter>
    </ClCompile>
    <ClCompile Include="libfaad\sbr_syntax.c">
      <Filter>Source Files</Filter>
    </ClCompile>
    <ClCompile Include="libfaad\sbr_tf_grid.c">
      <Filter>Source Files</Filter>
    </ClCompile>
    <ClCompile Include="libfaad\specrec.c">
      <Filter>Source Files</Filter>
    </ClCompile>
    <ClCompile Include="libfaad\ssr.c">
      <Filter>Source Files</Filter>
    </ClCompile>
    <ClCompile Include="libfaad\ssr_fb.c">
      <Filter>Source Files</Filter>
    </ClCompile>
    <ClCompile Include="libfaad\ssr_ipqf.c">
      <Filter>Source Files</Filter>
    </ClCompile>
    <ClCompile Include="libfaad\syntax.c">
      <Filter>Source Files</Filter>
    </ClCompile>
    <ClCompile Include="libfaad\tns.c">
      <Filter>Source Files</Filter>
    </ClCompile>
  </ItemGroup>
  <ItemGroup>
    <ClInclude Include="libfaad\analysis.h">
      <Filter>Header Files</Filter>
    </ClInclude>
    <ClInclude Include="libfaad\bits.h">
      <Filter>Header Files</Filter>
    </ClInclude>
    <ClInclude Include="libfaad\cfft.h">
      <Filter>Header Files</Filter>
    </ClInclude>
    <ClInclude Include="libfaad\cfft_tab.h">
      <Filter>Header Files</Filter>
    </ClInclude>
    <ClInclude Include="libfaad\common.h">
      <Filter>Header Files</Filter>
    </ClInclude>
    <ClInclude Include="libfaad\decoder.h">
      <Filter>Header Files</Filter>
    </ClInclude>
    <ClInclude Include="libfaad\drc.h">
      <Filter>Header Files</Filter>
    </ClInclude>
    <ClInclude Include="libfaad\drm_dec.h">
      <Filter>Header Files</Filter>
    </ClInclude>
    <ClInclude Include="libfaad\error.h">
      <Filter>Header Files</Filter>
    </ClInclude>
    <ClInclude Include="libfaad\filtbank.h">
      <Filter>Header Files</Filter>
    </ClInclude>
    <ClInclude Include="libfaad\fixed.h">
      <Filter>Header Files</Filter>
    </ClInclude>
    <ClInclude Include="libfaad\codebook\hcb.h">
      <Filter>Header Files</Filter>
    </ClInclude>
    <ClInclude Include="libfaad\huffman.h">
      <Filter>Header Files</Filter>
    </ClInclude>
    <ClInclude Include="libfaad\ic_predict.h">
      <Filter>Header Files</Filter>
    </ClInclude>
    <ClInclude Include="libfaad\iq_table.h">
      <Filter>Header Files</Filter>
    </ClInclude>
    <ClInclude Include="libfaad\is.h">
      <Filter>Header Files</Filter>
    </ClInclude>
    <ClInclude Include="libfaad\kbd_win.h">
      <Filter>Header Files</Filter>
    </ClInclude>
    <ClInclude Include="libfaad\lt_predict.h">
      <Filter>Header Files</Filter>
    </ClInclude>
    <ClInclude Include="libfaad\mdct.h">
      <Filter>Header Files</Filter>
    </ClInclude>
    <ClInclude Include="libfaad\mp4.h">
      <Filter>Header Files</Filter>
    </ClInclude>
    <ClInclude Include="libfaad\ms.h">
      <Filter>Header Files</Filter>
    </ClInclude>
    <ClInclude Include="libfaad\output.h">
      <Filter>Header Files</Filter>
    </ClInclude>
    <ClInclude Include="libfaad\pns.h">
      <Filter>Header Files</Filter>
    </ClInclude>
    <ClInclude Include="libfaad\ps_dec.h">
      <Filter>Header Files</Filter>
    </ClInclude>
    <ClInclude Include="libfaad\ps_tables.h">
      <Filter>Header Files</Filter>
    </ClInclude>
    <ClInclude Include="libfaad\pulse.h">
      <Filter>Header Files</Filter>
    </ClInclude>
    <ClInclude Include="libfaad\rvlc.h">
      <Filter>Header Files</Filter>
    </ClInclude>
    <ClInclude Include="libfaad\sbr_dct.h">
      <Filter>Header Files</Filter>
    </ClInclude>
    <ClInclude Include="libfaad\sbr_dec.h">
      <Filter>Header Files</Filter>
    </ClInclude>
    <ClInclude Include="libfaad\sbr_e_nf.h">
      <Filter>Header Files</Filter>
    </ClInclude>
    <ClInclude Include="libfaad\sbr_fbt.h">
      <Filter>Header Files</Filter>
    </ClInclude>
    <ClInclude Include="libfaad\sbr_hfadj.h">
      <Filter>Header Files</Filter>
    </ClInclude>
    <ClInclude Include="libfaad\sbr_hfgen.h">
      <Filter>Header Files</Filter>
    </ClInclude>
    <ClInclude Include="libfaad\sbr_huff.h">
      <Filter>Header Files</Filter>
    </ClInclude>
    <ClInclude Include="libfaad\sbr_noise.h">
      <Filter>Header Files</Filter>
    </ClInclude>
    <ClInclude Include="libfaad\sbr_qmf.h">
      <Filter>Header Files</Filter>
    </ClInclude>
    <ClInclude Include="libfaad\sbr_syntax.h">
      <Filter>Header Files</Filter>
    </ClInclude>
    <ClInclude Include="libfaad\sbr_tf_grid.h">
      <Filter>Header Files</Filter>
    </ClInclude>
    <ClInclude Include="libfaad\sine_win.h">
      <Filter>Header Files</Filter>
    </ClInclude>
    <ClInclude Include="libfaad\specrec.h">
      <Filter>Header Files</Filter>
    </ClInclude>
    <ClInclude Include="libfaad\ssr.h">
      <Filter>Header Files</Filter>
    </ClInclude>
    <ClInclude Include="libfaad\structs.h">
      <Filter>Header Files</Filter>
    </ClInclude>
    <ClInclude Include="libfaad\syntax.h">
      <Filter>Header Files</Filter>
    </ClInclude>
    <ClInclude Include="libfaad\tns.h">
      <Filter>Header Files</Filter>
    </ClInclude>
    <ClInclude Include="libfaad\codebook\hcb_1.h">
      <Filter>Header Files\codebook</Filter>
    </ClInclude>
    <ClInclude Include="libfaad\codebook\hcb_10.h">
      <Filter>Header Files\codebook</Filter>
    </ClInclude>
    <ClInclude Include="libfaad\codebook\hcb_11.h">
      <Filter>Header Files\codebook</Filter>
    </ClInclude>
    <ClInclude Include="libfaad\codebook\hcb_2.h">
      <Filter>Header Files\codebook</Filter>
    </ClInclude>
    <ClInclude Include="libfaad\codebook\hcb_3.h">
      <Filter>Header Files\codebook</Filter>
    </ClInclude>
    <ClInclude Include="libfaad\codebook\hcb_4.h">
      <Filter>Header Files\codebook</Filter>
    </ClInclude>
    <ClInclude Include="libfaad\codebook\hcb_5.h">
      <Filter>Header Files\codebook</Filter>
    </ClInclude>
    <ClInclude Include="libfaad\codebook\hcb_6.h">
      <Filter>Header Files\codebook</Filter>
    </ClInclude>
    <ClInclude Include="libfaad\codebook\hcb_7.h">
      <Filter>Header Files\codebook</Filter>
    </ClInclude>
    <ClInclude Include="libfaad\codebook\hcb_8.h">
      <Filter>Header Files\codebook</Filter>
    </ClInclude>
    <ClInclude Include="libfaad\codebook\hcb_9.h">
      <Filter>Header Files\codebook</Filter>
    </ClInclude>
    <ClInclude Include="libfaad\codebook\hcb_sf.h">
      <Filter>Header Files\codebook</Filter>
    </ClInclude>
  </ItemGroup>
</Project>