<?xml version="1.0" encoding="utf-8"?>
<Project ToolsVersion="4.0" xmlns="http://schemas.microsoft.com/developer/msbuild/2003">
  <ItemGroup>
    <Filter Include="ソース ファイル">
      <UniqueIdentifier>{4FC737F1-C7A5-4376-A066-2A32D752A2FF}</UniqueIdentifier>
      <Extensions>cpp;c;cc;cxx;def;odl;idl;hpj;bat;asm;asmx</Extensions>
    </Filter>
    <Filter Include="ヘッダー ファイル">
      <UniqueIdentifier>{93995380-89BD-4b04-88EB-625FBE52EBFB}</UniqueIdentifier>
      <Extensions>h;hpp;hxx;hm;inl;inc;xsd</Extensions>
    </Filter>
    <Filter Include="リソース ファイル">
      <UniqueIdentifier>{67DA6AB6-F800-4c08-8B7A-83BB121AAD01}</UniqueIdentifier>
      <Extensions>rc;ico;cur;bmp;dlg;rc2;rct;bin;rgs;gif;jpg;jpeg;jpe;resx;tiff;tif;png;wav</Extensions>
    </Filter>
    <Filter Include="BonTsEngine">
      <UniqueIdentifier>{6bcf6e59-45ee-4f83-863e-a60831f06fbb}</UniqueIdentifier>
    </Filter>
    <Filter Include="BonTsEngine\Header Files">
      <UniqueIdentifier>{29311cac-aa31-45e7-a347-8eb5d5f35c83}</UniqueIdentifier>
      <Extensions>*.h</Extensions>
    </Filter>
    <Filter Include="BonTsEngine\Source Files">
      <UniqueIdentifier>{a2933413-c75c-49ac-ab05-3381969a3b3d}</UniqueIdentifier>
      <Extensions>*.cpp</Extensions>
    </Filter>
    <Filter Include="DtvEngine">
      <UniqueIdentifier>{ae732170-da15-4c21-a622-6f96720b518b}</UniqueIdentifier>
    </Filter>
    <Filter Include="DtvEngine\Header Files">
      <UniqueIdentifier>{21fc5cd8-9ddc-4b8e-93c4-95a5bfdeb5fe}</UniqueIdentifier>
    </Filter>
    <Filter Include="DtvEngine\Source Files">
      <UniqueIdentifier>{d2d8ccee-72ad-4e4f-b163-b30d7a809b87}</UniqueIdentifier>
    </Filter>
    <Filter Include="DirectShowFilter">
      <UniqueIdentifier>{cd9f2d2b-185f-4fcf-a73b-ca5db13a2d4b}</UniqueIdentifier>
    </Filter>
    <Filter Include="DirectShowFilter\Header Files">
      <UniqueIdentifier>{4c831e62-deca-4409-b239-5bd2daa85851}</UniqueIdentifier>
    </Filter>
    <Filter Include="DirectShowFilter\Source Files">
      <UniqueIdentifier>{b402d3e8-269f-41d0-9069-c74992cae549}</UniqueIdentifier>
    </Filter>
    <Filter Include="HelperClass">
      <UniqueIdentifier>{d511931a-f000-40cc-9878-60af38775e71}</UniqueIdentifier>
    </Filter>
    <Filter Include="HelperClass\Header Files">
      <UniqueIdentifier>{5255589a-4d9a-4c41-9976-926c3afd7995}</UniqueIdentifier>
    </Filter>
    <Filter Include="HelperClass\Source Files">
      <UniqueIdentifier>{a61b5d74-5519-4398-9408-459e9c019081}</UniqueIdentifier>
    </Filter>
  </ItemGroup>
  <ItemGroup>
    <ClCompile Include="Accelerator.cpp">
      <Filter>ソース ファイル</Filter>
    </ClCompile>
    <ClCompile Include="Aero.cpp">
      <Filter>ソース ファイル</Filter>
    </ClCompile>
    <ClCompile Include="AppUtil.cpp">
      <Filter>ソース ファイル</Filter>
    </ClCompile>
    <ClCompile Include="BasicWindow.cpp">
      <Filter>ソース ファイル</Filter>
    </ClCompile>
    <ClCompile Include="CaptionPanel.cpp">
      <Filter>ソース ファイル</Filter>
    </ClCompile>
    <ClCompile Include="Capture.cpp">
      <Filter>ソース ファイル</Filter>
    </ClCompile>
    <ClCompile Include="CaptureOptions.cpp">
      <Filter>ソース ファイル</Filter>
    </ClCompile>
    <ClCompile Include="CardReaderDialog.cpp">
      <Filter>ソース ファイル</Filter>
    </ClCompile>
    <ClCompile Include="ChannelHistory.cpp">
      <Filter>ソース ファイル</Filter>
    </ClCompile>
    <ClCompile Include="ChannelList.cpp">
      <Filter>ソース ファイル</Filter>
    </ClCompile>
    <ClCompile Include="ChannelManager.cpp">
      <Filter>ソース ファイル</Filter>
    </ClCompile>
    <ClCompile Include="ChannelPanel.cpp">
      <Filter>ソース ファイル</Filter>
    </ClCompile>
    <ClCompile Include="ChannelScan.cpp">
      <Filter>ソース ファイル</Filter>
    </ClCompile>
    <ClCompile Include="ColorPalette.cpp">
      <Filter>ソース ファイル</Filter>
    </ClCompile>
    <ClCompile Include="ColorScheme.cpp">
      <Filter>ソース ファイル</Filter>
    </ClCompile>
    <ClCompile Include="Command.cpp">
      <Filter>ソース ファイル</Filter>
    </ClCompile>
    <ClCompile Include="CommandLine.cpp">
      <Filter>ソース ファイル</Filter>
    </ClCompile>
    <ClCompile Include="Controller.cpp">
      <Filter>ソース ファイル</Filter>
    </ClCompile>
    <ClCompile Include="ControlPanel.cpp">
      <Filter>ソース ファイル</Filter>
    </ClCompile>
    <ClCompile Include="ControlPanelItems.cpp">
      <Filter>ソース ファイル</Filter>
    </ClCompile>
    <ClCompile Include="CoreEngine.cpp">
      <Filter>ソース ファイル</Filter>
    </ClCompile>
    <ClCompile Include="DebugHelper.cpp">
      <Filter>ソース ファイル</Filter>
    </ClCompile>
    <ClCompile Include="Dialog.cpp">
      <Filter>ソース ファイル</Filter>
    </ClCompile>
    <ClCompile Include="DialogUtil.cpp">
      <Filter>ソース ファイル</Filter>
    </ClCompile>
    <ClCompile Include="DrawUtil.cpp">
      <Filter>ソース ファイル</Filter>
    </ClCompile>
    <ClCompile Include="DriverManager.cpp">
      <Filter>ソース ファイル</Filter>
    </ClCompile>
    <ClCompile Include="DriverOptions.cpp">
      <Filter>ソース ファイル</Filter>
    </ClCompile>
    <ClCompile Include="EpgDataLoader.cpp">
      <Filter>ソース ファイル</Filter>
    </ClCompile>
    <ClCompile Include="EpgOptions.cpp">
      <Filter>ソース ファイル</Filter>
    </ClCompile>
    <ClCompile Include="EpgProgramList.cpp">
      <Filter>ソース ファイル</Filter>
    </ClCompile>
    <ClCompile Include="EventInfoPopup.cpp">
      <Filter>ソース ファイル</Filter>
    </ClCompile>
    <ClCompile Include="GeneralOptions.cpp">
      <Filter>ソース ファイル</Filter>
    </ClCompile>
    <ClCompile Include="Help.cpp">
      <Filter>ソース ファイル</Filter>
    </ClCompile>
    <ClCompile Include="Image.cpp">
      <Filter>ソース ファイル</Filter>
    </ClCompile>
    <ClCompile Include="InformationPanel.cpp">
      <Filter>ソース ファイル</Filter>
    </ClCompile>
    <ClCompile Include="InitialSettings.cpp">
      <Filter>ソース ファイル</Filter>
    </ClCompile>
    <ClCompile Include="Layout.cpp">
      <Filter>ソース ファイル</Filter>
    </ClCompile>
    <ClCompile Include="Logger.cpp">
      <Filter>ソース ファイル</Filter>
    </ClCompile>
    <ClCompile Include="LogoManager.cpp">
      <Filter>ソース ファイル</Filter>
    </ClCompile>
    <ClCompile Include="Menu.cpp">
      <Filter>ソース ファイル</Filter>
    </ClCompile>
    <ClCompile Include="MessageDialog.cpp">
      <Filter>ソース ファイル</Filter>
    </ClCompile>
    <ClCompile Include="MiscDialog.cpp">
      <Filter>ソース ファイル</Filter>
    </ClCompile>
    <ClCompile Include="NetworkRemocon.cpp">
      <Filter>ソース ファイル</Filter>
    </ClCompile>
    <ClCompile Include="NotificationBar.cpp">
      <Filter>ソース ファイル</Filter>
    </ClCompile>
    <ClCompile Include="OperationOptions.cpp">
      <Filter>ソース ファイル</Filter>
    </ClCompile>
    <ClCompile Include="Options.cpp">
      <Filter>ソース ファイル</Filter>
    </ClCompile>
    <ClCompile Include="OSDManager.cpp">
      <Filter>ソース ファイル</Filter>
    </ClCompile>
    <ClCompile Include="OSDOptions.cpp">
      <Filter>ソース ファイル</Filter>
    </ClCompile>
    <ClCompile Include="Panel.cpp">
      <Filter>ソース ファイル</Filter>
    </ClCompile>
    <ClCompile Include="PanelForm.cpp">
      <Filter>ソース ファイル</Filter>
    </ClCompile>
    <ClCompile Include="PanelOptions.cpp">
      <Filter>ソース ファイル</Filter>
    </ClCompile>
    <ClCompile Include="PlaybackOptions.cpp">
      <Filter>ソース ファイル</Filter>
    </ClCompile>
    <ClCompile Include="Plugin.cpp">
      <Filter>ソース ファイル</Filter>
    </ClCompile>
    <ClCompile Include="ProgramGuide.cpp">
      <Filter>ソース ファイル</Filter>
    </ClCompile>
    <ClCompile Include="ProgramGuideOptions.cpp">
      <Filter>ソース ファイル</Filter>
    </ClCompile>
    <ClCompile Include="ProgramListPanel.cpp">
      <Filter>ソース ファイル</Filter>
    </ClCompile>
    <ClCompile Include="ProgramSearch.cpp">
      <Filter>ソース ファイル</Filter>
    </ClCompile>
    <ClCompile Include="PseudoOSD.cpp">
      <Filter>ソース ファイル</Filter>
    </ClCompile>
    <ClCompile Include="RawInput.cpp">
      <Filter>ソース ファイル</Filter>
    </ClCompile>
    <ClCompile Include="Record.cpp">
      <Filter>ソース ファイル</Filter>
    </ClCompile>
    <ClCompile Include="RecordOptions.cpp">
      <Filter>ソース ファイル</Filter>
    </ClCompile>
    <ClCompile Include="ResidentManager.cpp">
      <Filter>ソース ファイル</Filter>
    </ClCompile>
    <ClCompile Include="RichEditUtil.cpp">
      <Filter>ソース ファイル</Filter>
    </ClCompile>
    <ClCompile Include="Settings.cpp">
      <Filter>ソース ファイル</Filter>
    </ClCompile>
    <ClCompile Include="SideBar.cpp">
      <Filter>ソース ファイル</Filter>
    </ClCompile>
    <ClCompile Include="SideBarOptions.cpp">
      <Filter>ソース ファイル</Filter>
    </ClCompile>
    <ClCompile Include="StatusItems.cpp">
      <Filter>ソース ファイル</Filter>
    </ClCompile>
    <ClCompile Include="StatusOptions.cpp">
      <Filter>ソース ファイル</Filter>
    </ClCompile>
    <ClCompile Include="StatusView.cpp">
      <Filter>ソース ファイル</Filter>
    </ClCompile>
    <ClCompile Include="stdafx.cpp">
      <Filter>ソース ファイル</Filter>
    </ClCompile>
    <ClCompile Include="StreamInfo.cpp">
      <Filter>ソース ファイル</Filter>
    </ClCompile>
    <ClCompile Include="Taskbar.cpp">
      <Filter>ソース ファイル</Filter>
    </ClCompile>
    <ClCompile Include="Theme.cpp">
      <Filter>ソース ファイル</Filter>
    </ClCompile>
    <ClCompile Include="TitleBar.cpp">
      <Filter>ソース ファイル</Filter>
    </ClCompile>
    <ClCompile Include="Tooltip.cpp">
      <Filter>ソース ファイル</Filter>
    </ClCompile>
    <ClCompile Include="TVTest.cpp">
      <Filter>ソース ファイル</Filter>
    </ClCompile>
    <ClCompile Include="UISkin.cpp">
      <Filter>ソース ファイル</Filter>
    </ClCompile>
    <ClCompile Include="Util.cpp">
      <Filter>ソース ファイル</Filter>
    </ClCompile>
    <ClCompile Include="View.cpp">
      <Filter>ソース ファイル</Filter>
    </ClCompile>
    <ClCompile Include="ViewOptions.cpp">
      <Filter>ソース ファイル</Filter>
    </ClCompile>
    <ClCompile Include="WindowUtil.cpp">
      <Filter>ソース ファイル</Filter>
    </ClCompile>
    <ClCompile Include="ZoomOptions.cpp">
      <Filter>ソース ファイル</Filter>
    </ClCompile>
    <ClCompile Include="BonTsEngine\Bitstream.cpp">
      <Filter>BonTsEngine\Source Files</Filter>
    </ClCompile>
    <ClCompile Include="BonTsEngine\BonBaseClass.cpp">
      <Filter>BonTsEngine\Source Files</Filter>
    </ClCompile>
    <ClCompile Include="BonTsEngine\BonSrcDecoder.cpp">
      <Filter>BonTsEngine\Source Files</Filter>
    </ClCompile>
    <ClCompile Include="BonTsEngine\BufferedFileWriter.cpp">
      <Filter>BonTsEngine\Source Files</Filter>
    </ClCompile>
    <ClCompile Include="BonTsEngine\CaptionDecoder.cpp">
      <Filter>BonTsEngine\Source Files</Filter>
    </ClCompile>
    <ClCompile Include="BonTsEngine\CaptionParser.cpp">
      <Filter>BonTsEngine\Source Files</Filter>
    </ClCompile>
    <ClCompile Include="BonTsEngine\Exception.cpp">
      <Filter>BonTsEngine\Source Files</Filter>
    </ClCompile>
    <ClCompile Include="BonTsEngine\FileReader.cpp">
      <Filter>BonTsEngine\Source Files</Filter>
    </ClCompile>
    <ClCompile Include="BonTsEngine\FileWriter.cpp">
      <Filter>BonTsEngine\Source Files</Filter>
    </ClCompile>
    <ClCompile Include="BonTsEngine\LogoDownloader.cpp">
      <Filter>BonTsEngine\Source Files</Filter>
    </ClCompile>
    <ClCompile Include="BonTsEngine\MediaBuffer.cpp">
      <Filter>BonTsEngine\Source Files</Filter>
    </ClCompile>
    <ClCompile Include="BonTsEngine\MediaData.cpp">
      <Filter>BonTsEngine\Source Files</Filter>
    </ClCompile>
    <ClCompile Include="BonTsEngine\MediaDecoder.cpp">
      <Filter>BonTsEngine\Source Files</Filter>
    </ClCompile>
    <ClCompile Include="BonTsEngine\MediaGrabber.cpp">
      <Filter>BonTsEngine\Source Files</Filter>
    </ClCompile>
    <ClCompile Include="BonTsEngine\MediaTee.cpp">
      <Filter>BonTsEngine\Source Files</Filter>
    </ClCompile>
    <ClCompile Include="BonTsEngine\MediaViewer.cpp">
      <Filter>BonTsEngine\Source Files</Filter>
    </ClCompile>
    <ClCompile Include="BonTsEngine\PATGenerator.cpp">
      <Filter>BonTsEngine\Source Files</Filter>
    </ClCompile>
    <ClCompile Include="BonTsEngine\TsAnalyzer.cpp">
      <Filter>BonTsEngine\Source Files</Filter>
    </ClCompile>
    <ClCompile Include="BonTsEngine\TsDescriptor.cpp">
      <Filter>BonTsEngine\Source Files</Filter>
    </ClCompile>
    <ClCompile Include="BonTsEngine\TsDownload.cpp">
      <Filter>BonTsEngine\Source Files</Filter>
    </ClCompile>
    <ClCompile Include="BonTsEngine\TsEncode.cpp">
      <Filter>BonTsEngine\Source Files</Filter>
    </ClCompile>
    <ClCompile Include="BonTsEngine\TsMedia.cpp">
      <Filter>BonTsEngine\Source Files</Filter>
    </ClCompile>
    <ClCompile Include="BonTsEngine\TsPacketParser.cpp">
      <Filter>BonTsEngine\Source Files</Filter>
    </ClCompile>
    <ClCompile Include="BonTsEngine\TsSelector.cpp">
      <Filter>BonTsEngine\Source Files</Filter>
    </ClCompile>
    <ClCompile Include="BonTsEngine\TsStream.cpp">
      <Filter>BonTsEngine\Source Files</Filter>
    </ClCompile>
    <ClCompile Include="BonTsEngine\TsTable.cpp">
      <Filter>BonTsEngine\Source Files</Filter>
    </ClCompile>
    <ClCompile Include="BonTsEngine\TsUtilClass.cpp">
      <Filter>BonTsEngine\Source Files</Filter>
    </ClCompile>
    <ClCompile Include="DtvEngine\DtvEngine.cpp">
      <Filter>DtvEngine\Source Files</Filter>
    </ClCompile>
    <ClCompile Include="DirectShowFilter\AacDecoder.cpp">
      <Filter>DirectShowFilter\Source Files</Filter>
    </ClCompile>
    <ClCompile Include="DirectShowFilter\BonSrcFilter.cpp">
      <Filter>DirectShowFilter\Source Files</Filter>
    </ClCompile>
    <ClCompile Include="DirectShowFilter\BonSrcPin.cpp">
      <Filter>DirectShowFilter\Source Files</Filter>
    </ClCompile>
    <ClCompile Include="DirectShowFilter\DirectShowUtil.cpp">
      <Filter>DirectShowFilter\Source Files</Filter>
    </ClCompile>
    <ClCompile Include="DirectShowFilter\EVRenderer.cpp">
      <Filter>DirectShowFilter\Source Files</Filter>
    </ClCompile>
    <ClCompile Include="DirectShowFilter\H264ParserFilter.cpp">
      <Filter>DirectShowFilter\Source Files</Filter>
    </ClCompile>
    <ClCompile Include="DirectShowFilter\ImageMixer.cpp">
      <Filter>DirectShowFilter\Source Files</Filter>
    </ClCompile>
    <ClCompile Include="DirectShowFilter\TsSrcStream.cpp">
      <Filter>DirectShowFilter\Source Files</Filter>
    </ClCompile>
    <ClCompile Include="DirectShowFilter\VideoRenderer.cpp">
      <Filter>DirectShowFilter\Source Files</Filter>
    </ClCompile>
    <ClCompile Include="DirectShowFilter\VMR9Renderless.cpp">
      <Filter>DirectShowFilter\Source Files</Filter>
    </ClCompile>
    <ClCompile Include="HelperClass\NCachedFile.cpp">
      <Filter>HelperClass\Source Files</Filter>
    </ClCompile>
    <ClCompile Include="HelperClass\NFile.cpp">
      <Filter>HelperClass\Source Files</Filter>
    </ClCompile>
    <ClCompile Include="HelperClass\StdUtil.cpp">
      <Filter>HelperClass\Source Files</Filter>
    </ClCompile>
    <ClCompile Include="EpgUtil.cpp">
      <Filter>ソース ファイル</Filter>
    </ClCompile>
    <ClCompile Include="PanAndScanOptions.cpp">
      <Filter>ソース ファイル</Filter>
    </ClCompile>
    <ClCompile Include="OptionDialog.cpp">
      <Filter>ソース ファイル</Filter>
    </ClCompile>
    <ClCompile Include="IniFile.cpp">
      <Filter>ソース ファイル</Filter>
    </ClCompile>
    <ClCompile Include="StringUtility.cpp">
      <Filter>ソース ファイル</Filter>
    </ClCompile>
    <ClCompile Include="Favorites.cpp">
      <Filter>ソース ファイル</Filter>
    </ClCompile>
    <ClCompile Include="EpgChannelSettings.cpp">
      <Filter>ソース ファイル</Filter>
    </ClCompile>
    <ClCompile Include="BonTsEngine\EventManager.cpp">
      <Filter>BonTsEngine\Source Files</Filter>
    </ClCompile>
    <ClCompile Include="BonTsEngine\CasProcessor.cpp">
      <Filter>BonTsEngine\Source Files</Filter>
    </ClCompile>
    <ClCompile Include="RegExp.cpp">
      <Filter>ソース ファイル</Filter>
    </ClCompile>
    <ClCompile Include="MenuOptions.cpp">
      <Filter>ソース ファイル</Filter>
    </ClCompile>
    <ClCompile Include="ChannelDisplay.cpp">
      <Filter>ソース ファイル</Filter>
    </ClCompile>
    <ClCompile Include="HomeDisplay.cpp">
      <Filter>ソース ファイル</Filter>
    </ClCompile>
    <ClCompile Include="ProgramGuideFavorites.cpp">
      <Filter>ソース ファイル</Filter>
    </ClCompile>
    <ClCompile Include="FeaturedEvents.cpp">
      <Filter>ソース ファイル</Filter>
    </ClCompile>
    <ClCompile Include="DirectShowFilter\VideoParser.cpp">
      <Filter>DirectShowFilter\Source Files</Filter>
    </ClCompile>
    <ClCompile Include="DirectShowFilter\AudioDecFilter.cpp">
      <Filter>DirectShowFilter\Source Files</Filter>
    </ClCompile>
    <ClCompile Include="DirectShowFilter\AudioDecoder.cpp">
      <Filter>DirectShowFilter\Source Files</Filter>
    </ClCompile>
  </ItemGroup>
  <ItemGroup>
    <ClInclude Include="Accelerator.h">
      <Filter>ヘッダー ファイル</Filter>
    </ClInclude>
    <ClInclude Include="Aero.h">
      <Filter>ヘッダー ファイル</Filter>
    </ClInclude>
    <ClInclude Include="AppMain.h">
      <Filter>ヘッダー ファイル</Filter>
    </ClInclude>
    <ClInclude Include="AppUtil.h">
      <Filter>ヘッダー ファイル</Filter>
    </ClInclude>
    <ClInclude Include="AudioOptions.h">
      <Filter>ヘッダー ファイル</Filter>
    </ClInclude>
    <ClInclude Include="BasicWindow.h">
      <Filter>ヘッダー ファイル</Filter>
    </ClInclude>
    <ClInclude Include="CaptionPanel.h">
      <Filter>ヘッダー ファイル</Filter>
    </ClInclude>
    <ClInclude Include="Capture.h">
      <Filter>ヘッダー ファイル</Filter>
    </ClInclude>
    <ClInclude Include="CaptureOptions.h">
      <Filter>ヘッダー ファイル</Filter>
    </ClInclude>
    <ClInclude Include="CardReaderDialog.h">
      <Filter>ヘッダー ファイル</Filter>
    </ClInclude>
    <ClInclude Include="ChannelHistory.h">
      <Filter>ヘッダー ファイル</Filter>
    </ClInclude>
    <ClInclude Include="ChannelList.h">
      <Filter>ヘッダー ファイル</Filter>
    </ClInclude>
    <ClInclude Include="ChannelManager.h">
      <Filter>ヘッダー ファイル</Filter>
    </ClInclude>
    <ClInclude Include="ChannelPanel.h">
      <Filter>ヘッダー ファイル</Filter>
    </ClInclude>
    <ClInclude Include="ChannelScan.h">
      <Filter>ヘッダー ファイル</Filter>
    </ClInclude>
    <ClInclude Include="ColorPalette.h">
      <Filter>ヘッダー ファイル</Filter>
    </ClInclude>
    <ClInclude Include="ColorScheme.h">
      <Filter>ヘッダー ファイル</Filter>
    </ClInclude>
    <ClInclude Include="Command.h">
      <Filter>ヘッダー ファイル</Filter>
    </ClInclude>
    <ClInclude Include="CommandLine.h">
      <Filter>ヘッダー ファイル</Filter>
    </ClInclude>
    <ClInclude Include="Controller.h">
      <Filter>ヘッダー ファイル</Filter>
    </ClInclude>
    <ClInclude Include="ControlPanel.h">
      <Filter>ヘッダー ファイル</Filter>
    </ClInclude>
    <ClInclude Include="ControlPanelItems.h">
      <Filter>ヘッダー ファイル</Filter>
    </ClInclude>
    <ClInclude Include="CoreEngine.h">
      <Filter>ヘッダー ファイル</Filter>
    </ClInclude>
    <ClInclude Include="DebugHelper.h">
      <Filter>ヘッダー ファイル</Filter>
    </ClInclude>
    <ClInclude Include="Dialog.h">
      <Filter>ヘッダー ファイル</Filter>
    </ClInclude>
    <ClInclude Include="DialogUtil.h">
      <Filter>ヘッダー ファイル</Filter>
    </ClInclude>
    <ClInclude Include="DrawUtil.h">
      <Filter>ヘッダー ファイル</Filter>
    </ClInclude>
    <ClInclude Include="DriverManager.h">
      <Filter>ヘッダー ファイル</Filter>
    </ClInclude>
    <ClInclude Include="DriverOptions.h">
      <Filter>ヘッダー ファイル</Filter>
    </ClInclude>
    <ClInclude Include="EpgDataLoader.h">
      <Filter>ヘッダー ファイル</Filter>
    </ClInclude>
    <ClInclude Include="EpgOptions.h">
      <Filter>ヘッダー ファイル</Filter>
    </ClInclude>
    <ClInclude Include="EpgProgramList.h">
      <Filter>ヘッダー ファイル</Filter>
    </ClInclude>
    <ClInclude Include="EventInfoPopup.h">
      <Filter>ヘッダー ファイル</Filter>
    </ClInclude>
    <ClInclude Include="GeneralOptions.h">
      <Filter>ヘッダー ファイル</Filter>
    </ClInclude>
    <ClInclude Include="Help.h">
      <Filter>ヘッダー ファイル</Filter>
    </ClInclude>
    <ClInclude Include="Help\HelpID.h">
      <Filter>ヘッダー ファイル</Filter>
    </ClInclude>
    <ClInclude Include="Image.h">
      <Filter>ヘッダー ファイル</Filter>
    </ClInclude>
    <ClInclude Include="InformationPanel.h">
      <Filter>ヘッダー ファイル</Filter>
    </ClInclude>
    <ClInclude Include="InitialSettings.h">
      <Filter>ヘッダー ファイル</Filter>
    </ClInclude>
    <ClInclude Include="Layout.h">
      <Filter>ヘッダー ファイル</Filter>
    </ClInclude>
    <ClInclude Include="Logger.h">
      <Filter>ヘッダー ファイル</Filter>
    </ClInclude>
    <ClInclude Include="LogoManager.h">
      <Filter>ヘッダー ファイル</Filter>
    </ClInclude>
    <ClInclude Include="MainWindow.h">
      <Filter>ヘッダー ファイル</Filter>
    </ClInclude>
    <ClInclude Include="Menu.h">
      <Filter>ヘッダー ファイル</Filter>
    </ClInclude>
    <ClInclude Include="MessageDialog.h">
      <Filter>ヘッダー ファイル</Filter>
    </ClInclude>
    <ClInclude Include="MiscDialog.h">
      <Filter>ヘッダー ファイル</Filter>
    </ClInclude>
    <ClInclude Include="NetworkRemocon.h">
      <Filter>ヘッダー ファイル</Filter>
    </ClInclude>
    <ClInclude Include="NotificationBar.h">
      <Filter>ヘッダー ファイル</Filter>
    </ClInclude>
    <ClInclude Include="OperationOptions.h">
      <Filter>ヘッダー ファイル</Filter>
    </ClInclude>
    <ClInclude Include="Options.h">
      <Filter>ヘッダー ファイル</Filter>
    </ClInclude>
    <ClInclude Include="OSDManager.h">
      <Filter>ヘッダー ファイル</Filter>
    </ClInclude>
    <ClInclude Include="OSDOptions.h">
      <Filter>ヘッダー ファイル</Filter>
    </ClInclude>
    <ClInclude Include="Panel.h">
      <Filter>ヘッダー ファイル</Filter>
    </ClInclude>
    <ClInclude Include="PanelForm.h">
      <Filter>ヘッダー ファイル</Filter>
    </ClInclude>
    <ClInclude Include="PanelOptions.h">
      <Filter>ヘッダー ファイル</Filter>
    </ClInclude>
    <ClInclude Include="PlaybackOptions.h">
      <Filter>ヘッダー ファイル</Filter>
    </ClInclude>
    <ClInclude Include="Plugin.h">
      <Filter>ヘッダー ファイル</Filter>
    </ClInclude>
    <ClInclude Include="ProgramGuide.h">
      <Filter>ヘッダー ファイル</Filter>
    </ClInclude>
    <ClInclude Include="ProgramGuideOptions.h">
      <Filter>ヘッダー ファイル</Filter>
    </ClInclude>
    <ClInclude Include="ProgramListPanel.h">
      <Filter>ヘッダー ファイル</Filter>
    </ClInclude>
    <ClInclude Include="ProgramSearch.h">
      <Filter>ヘッダー ファイル</Filter>
    </ClInclude>
    <ClInclude Include="PseudoOSD.h">
      <Filter>ヘッダー ファイル</Filter>
    </ClInclude>
    <ClInclude Include="RawInput.h">
      <Filter>ヘッダー ファイル</Filter>
    </ClInclude>
    <ClInclude Include="Record.h">
      <Filter>ヘッダー ファイル</Filter>
    </ClInclude>
    <ClInclude Include="RecordOptions.h">
      <Filter>ヘッダー ファイル</Filter>
    </ClInclude>
    <ClInclude Include="ResidentManager.h">
      <Filter>ヘッダー ファイル</Filter>
    </ClInclude>
    <ClInclude Include="Resource.h">
      <Filter>ヘッダー ファイル</Filter>
    </ClInclude>
    <ClInclude Include="RichEditUtil.h">
      <Filter>ヘッダー ファイル</Filter>
    </ClInclude>
    <ClInclude Include="Settings.h">
      <Filter>ヘッダー ファイル</Filter>
    </ClInclude>
    <ClInclude Include="SideBar.h">
      <Filter>ヘッダー ファイル</Filter>
    </ClInclude>
    <ClInclude Include="SideBarOptions.h">
      <Filter>ヘッダー ファイル</Filter>
    </ClInclude>
    <ClInclude Include="StatusItems.h">
      <Filter>ヘッダー ファイル</Filter>
    </ClInclude>
    <ClInclude Include="StatusOptions.h">
      <Filter>ヘッダー ファイル</Filter>
    </ClInclude>
    <ClInclude Include="StatusView.h">
      <Filter>ヘッダー ファイル</Filter>
    </ClInclude>
    <ClInclude Include="stdafx.h">
      <Filter>ヘッダー ファイル</Filter>
    </ClInclude>
    <ClInclude Include="StreamInfo.h">
      <Filter>ヘッダー ファイル</Filter>
    </ClInclude>
    <ClInclude Include="Taskbar.h">
      <Filter>ヘッダー ファイル</Filter>
    </ClInclude>
    <ClInclude Include="Theme.h">
      <Filter>ヘッダー ファイル</Filter>
    </ClInclude>
    <ClInclude Include="TitleBar.h">
      <Filter>ヘッダー ファイル</Filter>
    </ClInclude>
    <ClInclude Include="Tooltip.h">
      <Filter>ヘッダー ファイル</Filter>
    </ClInclude>
    <ClInclude Include="TVTest.h">
      <Filter>ヘッダー ファイル</Filter>
    </ClInclude>
    <ClInclude Include="TVTestPlugin.h">
      <Filter>ヘッダー ファイル</Filter>
    </ClInclude>
    <ClInclude Include="UICore.h">
      <Filter>ヘッダー ファイル</Filter>
    </ClInclude>
    <ClInclude Include="UISkin.h">
      <Filter>ヘッダー ファイル</Filter>
    </ClInclude>
    <ClInclude Include="Util.h">
      <Filter>ヘッダー ファイル</Filter>
    </ClInclude>
    <ClInclude Include="View.h">
      <Filter>ヘッダー ファイル</Filter>
    </ClInclude>
    <ClInclude Include="ViewOptions.h">
      <Filter>ヘッダー ファイル</Filter>
    </ClInclude>
    <ClInclude Include="WindowUtil.h">
      <Filter>ヘッダー ファイル</Filter>
    </ClInclude>
    <ClInclude Include="ZoomOptions.h">
      <Filter>ヘッダー ファイル</Filter>
    </ClInclude>
    <ClInclude Include="BonTsEngine\Bitstream.h">
      <Filter>BonTsEngine\Header Files</Filter>
    </ClInclude>
    <ClInclude Include="BonTsEngine\BonBaseClass.h">
      <Filter>BonTsEngine\Header Files</Filter>
    </ClInclude>
    <ClInclude Include="BonTsEngine\BonSrcDecoder.h">
      <Filter>BonTsEngine\Header Files</Filter>
    </ClInclude>
    <ClInclude Include="BonTsEngine\BufferedFileWriter.h">
      <Filter>BonTsEngine\Header Files</Filter>
    </ClInclude>
    <ClInclude Include="BonTsEngine\CaptionDecoder.h">
      <Filter>BonTsEngine\Header Files</Filter>
    </ClInclude>
    <ClInclude Include="BonTsEngine\CaptionParser.h">
      <Filter>BonTsEngine\Header Files</Filter>
    </ClInclude>
    <ClInclude Include="BonTsEngine\Common.h">
      <Filter>BonTsEngine\Header Files</Filter>
    </ClInclude>
    <ClInclude Include="BonTsEngine\Exception.h">
      <Filter>BonTsEngine\Header Files</Filter>
    </ClInclude>
    <ClInclude Include="BonTsEngine\FileReader.h">
      <Filter>BonTsEngine\Header Files</Filter>
    </ClInclude>
    <ClInclude Include="BonTsEngine\FileWriter.h">
      <Filter>BonTsEngine\Header Files</Filter>
    </ClInclude>
    <ClInclude Include="BonTsEngine\IBonDriver.h">
      <Filter>BonTsEngine\Header Files</Filter>
    </ClInclude>
    <ClInclude Include="BonTsEngine\LogoDownloader.h">
      <Filter>BonTsEngine\Header Files</Filter>
    </ClInclude>
    <ClInclude Include="BonTsEngine\MediaBuffer.h">
      <Filter>BonTsEngine\Header Files</Filter>
    </ClInclude>
    <ClInclude Include="BonTsEngine\MediaData.h">
      <Filter>BonTsEngine\Header Files</Filter>
    </ClInclude>
    <ClInclude Include="BonTsEngine\MediaDecoder.h">
      <Filter>BonTsEngine\Header Files</Filter>
    </ClInclude>
    <ClInclude Include="BonTsEngine\MediaGrabber.h">
      <Filter>BonTsEngine\Header Files</Filter>
    </ClInclude>
    <ClInclude Include="BonTsEngine\MediaTee.h">
      <Filter>BonTsEngine\Header Files</Filter>
    </ClInclude>
    <ClInclude Include="BonTsEngine\MediaViewer.h">
      <Filter>BonTsEngine\Header Files</Filter>
    </ClInclude>
    <ClInclude Include="BonTsEngine\PATGenerator.h">
      <Filter>BonTsEngine\Header Files</Filter>
    </ClInclude>
    <ClInclude Include="BonTsEngine\TsAnalyzer.h">
      <Filter>BonTsEngine\Header Files</Filter>
    </ClInclude>
    <ClInclude Include="BonTsEngine\TsDescriptor.h">
      <Filter>BonTsEngine\Header Files</Filter>
    </ClInclude>
    <ClInclude Include="BonTsEngine\TsDownload.h">
      <Filter>BonTsEngine\Header Files</Filter>
    </ClInclude>
    <ClInclude Include="BonTsEngine\TsEncode.h">
      <Filter>BonTsEngine\Header Files</Filter>
    </ClInclude>
    <ClInclude Include="BonTsEngine\TsMedia.h">
      <Filter>BonTsEngine\Header Files</Filter>
    </ClInclude>
    <ClInclude Include="BonTsEngine\TsPacketParser.h">
      <Filter>BonTsEngine\Header Files</Filter>
    </ClInclude>
    <ClInclude Include="BonTsEngine\TsSelector.h">
      <Filter>BonTsEngine\Header Files</Filter>
    </ClInclude>
    <ClInclude Include="BonTsEngine\TsStream.h">
      <Filter>BonTsEngine\Header Files</Filter>
    </ClInclude>
    <ClInclude Include="BonTsEngine\TsTable.h">
      <Filter>BonTsEngine\Header Files</Filter>
    </ClInclude>
    <ClInclude Include="BonTsEngine\TsUtilClass.h">
      <Filter>BonTsEngine\Header Files</Filter>
    </ClInclude>
    <ClInclude Include="DtvEngine\DtvEngine.h">
      <Filter>DtvEngine\Header Files</Filter>
    </ClInclude>
    <ClInclude Include="DirectShowFilter\AacDecoder.h">
      <Filter>DirectShowFilter\Header Files</Filter>
    </ClInclude>
    <ClInclude Include="DirectShowFilter\BonSrcFilter.h">
      <Filter>DirectShowFilter\Header Files</Filter>
    </ClInclude>
    <ClInclude Include="DirectShowFilter\BonSrcPin.h">
      <Filter>DirectShowFilter\Header Files</Filter>
    </ClInclude>
    <ClInclude Include="DirectShowFilter\DirectShowUtil.h">
      <Filter>DirectShowFilter\Header Files</Filter>
    </ClInclude>
    <ClInclude Include="DirectShowFilter\EVRenderer.h">
      <Filter>DirectShowFilter\Header Files</Filter>
    </ClInclude>
    <ClInclude Include="DirectShowFilter\H264ParserFilter.h">
      <Filter>DirectShowFilter\Header Files</Filter>
    </ClInclude>
    <ClInclude Include="DirectShowFilter\ImageMixer.h">
      <Filter>DirectShowFilter\Header Files</Filter>
    </ClInclude>
    <ClInclude Include="DirectShowFilter\TsSrcStream.h">
      <Filter>DirectShowFilter\Header Files</Filter>
    </ClInclude>
    <ClInclude Include="DirectShowFilter\VideoRenderer.h">
      <Filter>DirectShowFilter\Header Files</Filter>
    </ClInclude>
    <ClInclude Include="DirectShowFilter\VMR9Renderless.h">
      <Filter>DirectShowFilter\Header Files</Filter>
    </ClInclude>
    <ClInclude Include="HelperClass\NCachedFile.h">
      <Filter>HelperClass\Header Files</Filter>
    </ClInclude>
    <ClInclude Include="HelperClass\NFile.h">
      <Filter>HelperClass\Header Files</Filter>
    </ClInclude>
    <ClInclude Include="HelperClass\StdUtil.h">
      <Filter>HelperClass\Header Files</Filter>
    </ClInclude>
    <ClInclude Include="EpgUtil.h">
      <Filter>ヘッダー ファイル</Filter>
    </ClInclude>
    <ClInclude Include="PanAndScanOptions.h">
      <Filter>ヘッダー ファイル</Filter>
    </ClInclude>
    <ClInclude Include="OptionDialog.h">
      <Filter>ヘッダー ファイル</Filter>
    </ClInclude>
    <ClInclude Include="IniFile.h">
      <Filter>ヘッダー ファイル</Filter>
    </ClInclude>
    <ClInclude Include="StringUtility.h">
      <Filter>ヘッダー ファイル</Filter>
    </ClInclude>
    <ClInclude Include="Favorites.h">
      <Filter>ヘッダー ファイル</Filter>
    </ClInclude>
    <ClInclude Include="EpgChannelSettings.h">
      <Filter>ヘッダー ファイル</Filter>
    </ClInclude>
    <ClInclude Include="BonTsEngine\EventManager.h">
      <Filter>BonTsEngine\Header Files</Filter>
    </ClInclude>
    <ClInclude Include="BonTsEngine\CasProcessor.h">
      <Filter>BonTsEngine\Header Files</Filter>
    </ClInclude>
    <ClInclude Include="RegExp.h">
      <Filter>ヘッダー ファイル</Filter>
    </ClInclude>
    <ClInclude Include="MenuOptions.h">
      <Filter>ヘッダー ファイル</Filter>
    </ClInclude>
    <ClInclude Include="ChannelDisplay.h">
      <Filter>ヘッダー ファイル</Filter>
    </ClInclude>
    <ClInclude Include="HomeDisplay.h">
      <Filter>ヘッダー ファイル</Filter>
    </ClInclude>
    <ClInclude Include="ProgramGuideFavorites.h">
      <Filter>ヘッダー ファイル</Filter>
    </ClInclude>
    <ClInclude Include="FeaturedEvents.h">
      <Filter>ヘッダー ファイル</Filter>
    </ClInclude>
    <ClInclude Include="DirectShowFilter\AudioDecFilter.h">
      <Filter>DirectShowFilter\Header Files</Filter>
    </ClInclude>
    <ClInclude Include="DirectShowFilter\AudioDecoder.h">
      <Filter>DirectShowFilter\Header Files</Filter>
    </ClInclude>
    <ClInclude Include="Common.h">
      <Filter>ヘッダー ファイル</Filter>
    </ClInclude>
    <ClInclude Include="DirectShowFilter\VideoParser.h">
      <Filter>DirectShowFilter\Header Files</Filter>
    </ClInclude>
  </ItemGroup>
  <ItemGroup>
    <ResourceCompile Include="TVTest.rc">
      <Filter>リソース ファイル</Filter>
    </ResourceCompile>
  </ItemGroup>
</Project>