<?xml version="1.0" encoding="utf-8"?>
<Project ToolsVersion="4.0" xmlns="http://schemas.microsoft.com/developer/msbuild/2003">
  <ItemGroup>
    <Filter Include="Source Files">
      <UniqueIdentifier>{4FC737F1-C7A5-4376-A066-2A32D752A2FF}</UniqueIdentifier>
      <Extensions>cpp;c;cc;cxx;def;odl;idl;hpj;bat;asm;asmx</Extensions>
    </Filter>
    <Filter Include="Header Files">
      <UniqueIdentifier>{93995380-89BD-4b04-88EB-625FBE52EBFB}</UniqueIdentifier>
      <Extensions>h;hpp;hxx;hm;inl;inc;xsd</Extensions>
    </Filter>
    <Filter Include="Resource Files">
      <UniqueIdentifier>{67DA6AB6-F800-4c08-8B7A-83BB121AAD01}</UniqueIdentifier>
      <Extensions>rc;ico;cur;bmp;dlg;rc2;rct;bin;rgs;gif;jpg;jpeg;jpe;resx;tiff;tif;png;wav</Extensions>
    </Filter>
  </ItemGroup>
  <ItemGroup>
    <ClCompile Include="Accelerator.cpp">
      <Filter>Source Files</Filter>
    </ClCompile>
    <ClCompile Include="Aero.cpp">
      <Filter>Source Files</Filter>
    </ClCompile>
    <ClCompile Include="AppUtil.cpp">
      <Filter>Source Files</Filter>
    </ClCompile>
    <ClCompile Include="BasicWindow.cpp">
      <Filter>Source Files</Filter>
    </ClCompile>
    <ClCompile Include="CaptionPanel.cpp">
      <Filter>Source Files</Filter>
    </ClCompile>
    <ClCompile Include="Capture.cpp">
      <Filter>Source Files</Filter>
    </ClCompile>
    <ClCompile Include="CaptureOptions.cpp">
      <Filter>Source Files</Filter>
    </ClCompile>
    <ClCompile Include="ChannelHistory.cpp">
      <Filter>Source Files</Filter>
    </ClCompile>
    <ClCompile Include="ChannelList.cpp">
      <Filter>Source Files</Filter>
    </ClCompile>
    <ClCompile Include="ChannelManager.cpp">
      <Filter>Source Files</Filter>
    </ClCompile>
    <ClCompile Include="ChannelPanel.cpp">
      <Filter>Source Files</Filter>
    </ClCompile>
    <ClCompile Include="ChannelScan.cpp">
      <Filter>Source Files</Filter>
    </ClCompile>
    <ClCompile Include="ColorPalette.cpp">
      <Filter>Source Files</Filter>
    </ClCompile>
    <ClCompile Include="ColorScheme.cpp">
      <Filter>Source Files</Filter>
    </ClCompile>
    <ClCompile Include="Command.cpp">
      <Filter>Source Files</Filter>
    </ClCompile>
    <ClCompile Include="CommandLine.cpp">
      <Filter>Source Files</Filter>
    </ClCompile>
    <ClCompile Include="Controller.cpp">
      <Filter>Source Files</Filter>
    </ClCompile>
    <ClCompile Include="ControlPanel.cpp">
      <Filter>Source Files</Filter>
    </ClCompile>
    <ClCompile Include="ControlPanelItems.cpp">
      <Filter>Source Files</Filter>
    </ClCompile>
    <ClCompile Include="CoreEngine.cpp">
      <Filter>Source Files</Filter>
    </ClCompile>
    <ClCompile Include="DebugHelper.cpp">
      <Filter>Source Files</Filter>
    </ClCompile>
    <ClCompile Include="Dialog.cpp">
      <Filter>Source Files</Filter>
    </ClCompile>
    <ClCompile Include="DialogUtil.cpp">
      <Filter>Source Files</Filter>
    </ClCompile>
    <ClCompile Include="DrawUtil.cpp">
      <Filter>Source Files</Filter>
    </ClCompile>
    <ClCompile Include="DriverManager.cpp">
      <Filter>Source Files</Filter>
    </ClCompile>
    <ClCompile Include="DriverOptions.cpp">
      <Filter>Source Files</Filter>
    </ClCompile>
    <ClCompile Include="EpgDataLoader.cpp">
      <Filter>Source Files</Filter>
    </ClCompile>
    <ClCompile Include="EpgOptions.cpp">
      <Filter>Source Files</Filter>
    </ClCompile>
    <ClCompile Include="EventInfoPopup.cpp">
      <Filter>Source Files</Filter>
    </ClCompile>
    <ClCompile Include="GeneralOptions.cpp">
      <Filter>Source Files</Filter>
    </ClCompile>
    <ClCompile Include="Help.cpp">
      <Filter>Source Files</Filter>
    </ClCompile>
    <ClCompile Include="Image.cpp">
      <Filter>Source Files</Filter>
    </ClCompile>
    <ClCompile Include="InformationPanel.cpp">
      <Filter>Source Files</Filter>
    </ClCompile>
    <ClCompile Include="InitialSettings.cpp">
      <Filter>Source Files</Filter>
    </ClCompile>
    <ClCompile Include="Layout.cpp">
      <Filter>Source Files</Filter>
    </ClCompile>
    <ClCompile Include="Logger.cpp">
      <Filter>Source Files</Filter>
    </ClCompile>
    <ClCompile Include="LogoManager.cpp">
      <Filter>Source Files</Filter>
    </ClCompile>
    <ClCompile Include="Menu.cpp">
      <Filter>Source Files</Filter>
    </ClCompile>
    <ClCompile Include="MessageDialog.cpp">
      <Filter>Source Files</Filter>
    </ClCompile>
    <ClCompile Include="AboutDialog.cpp">
      <Filter>Source Files</Filter>
    </ClCompile>
    <ClCompile Include="NotificationBar.cpp">
      <Filter>Source Files</Filter>
    </ClCompile>
    <ClCompile Include="OperationOptions.cpp">
      <Filter>Source Files</Filter>
    </ClCompile>
    <ClCompile Include="Options.cpp">
      <Filter>Source Files</Filter>
    </ClCompile>
    <ClCompile Include="OSDManager.cpp">
      <Filter>Source Files</Filter>
    </ClCompile>
    <ClCompile Include="OSDOptions.cpp">
      <Filter>Source Files</Filter>
    </ClCompile>
    <ClCompile Include="Panel.cpp">
      <Filter>Source Files</Filter>
    </ClCompile>
    <ClCompile Include="PanelForm.cpp">
      <Filter>Source Files</Filter>
    </ClCompile>
    <ClCompile Include="PanelOptions.cpp">
      <Filter>Source Files</Filter>
    </ClCompile>
    <ClCompile Include="PlaybackOptions.cpp">
      <Filter>Source Files</Filter>
    </ClCompile>
    <ClCompile Include="Plugin.cpp">
      <Filter>Source Files</Filter>
    </ClCompile>
    <ClCompile Include="ProgramGuide.cpp">
      <Filter>Source Files</Filter>
    </ClCompile>
    <ClCompile Include="ProgramGuideOptions.cpp">
      <Filter>Source Files</Filter>
    </ClCompile>
    <ClCompile Include="ProgramListPanel.cpp">
      <Filter>Source Files</Filter>
    </ClCompile>
    <ClCompile Include="ProgramSearch.cpp">
      <Filter>Source Files</Filter>
    </ClCompile>
    <ClCompile Include="PseudoOSD.cpp">
      <Filter>Source Files</Filter>
    </ClCompile>
    <ClCompile Include="RawInput.cpp">
      <Filter>Source Files</Filter>
    </ClCompile>
    <ClCompile Include="Record.cpp">
      <Filter>Source Files</Filter>
    </ClCompile>
    <ClCompile Include="RecordOptions.cpp">
      <Filter>Source Files</Filter>
    </ClCompile>
    <ClCompile Include="RichEditUtil.cpp">
      <Filter>Source Files</Filter>
    </ClCompile>
    <ClCompile Include="Settings.cpp">
      <Filter>Source Files</Filter>
    </ClCompile>
    <ClCompile Include="SideBar.cpp">
      <Filter>Source Files</Filter>
    </ClCompile>
    <ClCompile Include="SideBarOptions.cpp">
      <Filter>Source Files</Filter>
    </ClCompile>
    <ClCompile Include="StatusItems.cpp">
      <Filter>Source Files</Filter>
    </ClCompile>
    <ClCompile Include="StatusOptions.cpp">
      <Filter>Source Files</Filter>
    </ClCompile>
    <ClCompile Include="StatusView.cpp">
      <Filter>Source Files</Filter>
    </ClCompile>
    <ClCompile Include="stdafx.cpp">
      <Filter>Source Files</Filter>
    </ClCompile>
    <ClCompile Include="StreamInfo.cpp">
      <Filter>Source Files</Filter>
    </ClCompile>
    <ClCompile Include="Taskbar.cpp">
      <Filter>Source Files</Filter>
    </ClCompile>
    <ClCompile Include="Theme.cpp">
      <Filter>Source Files</Filter>
    </ClCompile>
    <ClCompile Include="TitleBar.cpp">
      <Filter>Source Files</Filter>
    </ClCompile>
    <ClCompile Include="Tooltip.cpp">
      <Filter>Source Files</Filter>
    </ClCompile>
    <ClCompile Include="TVTest.cpp">
      <Filter>Source Files</Filter>
    </ClCompile>
    <ClCompile Include="UISkin.cpp">
      <Filter>Source Files</Filter>
    </ClCompile>
    <ClCompile Include="Util.cpp">
      <Filter>Source Files</Filter>
    </ClCompile>
    <ClCompile Include="View.cpp">
      <Filter>Source Files</Filter>
    </ClCompile>
    <ClCompile Include="ViewOptions.cpp">
      <Filter>Source Files</Filter>
    </ClCompile>
    <ClCompile Include="WindowUtil.cpp">
      <Filter>Source Files</Filter>
    </ClCompile>
    <ClCompile Include="ZoomOptions.cpp">
      <Filter>Source Files</Filter>
    </ClCompile>
    <ClCompile Include="EpgUtil.cpp">
      <Filter>Source Files</Filter>
    </ClCompile>
    <ClCompile Include="PanAndScanOptions.cpp">
      <Filter>Source Files</Filter>
    </ClCompile>
    <ClCompile Include="OptionDialog.cpp">
      <Filter>Source Files</Filter>
    </ClCompile>
    <ClCompile Include="StringUtility.cpp">
      <Filter>Source Files</Filter>
    </ClCompile>
    <ClCompile Include="IniFile.cpp">
      <Filter>Source Files</Filter>
    </ClCompile>
    <ClCompile Include="Favorites.cpp">
      <Filter>Source Files</Filter>
    </ClCompile>
    <ClCompile Include="EpgChannelSettings.cpp">
      <Filter>Source Files</Filter>
    </ClCompile>
    <ClCompile Include="RegExp.cpp">
      <Filter>Source Files</Filter>
    </ClCompile>
    <ClCompile Include="MenuOptions.cpp">
      <Filter>Source Files</Filter>
    </ClCompile>
    <ClCompile Include="ChannelDisplay.cpp">
      <Filter>Source Files</Filter>
    </ClCompile>
    <ClCompile Include="HomeDisplay.cpp">
      <Filter>Source Files</Filter>
    </ClCompile>
    <ClCompile Include="ProgramGuideFavorites.cpp">
      <Filter>Source Files</Filter>
    </ClCompile>
    <ClCompile Include="FeaturedEvents.cpp">
      <Filter>Source Files</Filter>
    </ClCompile>
    <ClCompile Include="MainWindow.cpp">
      <Filter>Source Files</Filter>
    </ClCompile>
    <ClCompile Include="AppCore.cpp">
      <Filter>Source Files</Filter>
    </ClCompile>
    <ClCompile Include="AppMain.cpp">
      <Filter>Source Files</Filter>
    </ClCompile>
    <ClCompile Include="UICore.cpp">
      <Filter>Source Files</Filter>
    </ClCompile>
    <ClCompile Include="UIBase.cpp">
      <Filter>Source Files</Filter>
    </ClCompile>
    <ClCompile Include="Style.cpp">
      <Filter>Source Files</Filter>
    </ClCompile>
    <ClCompile Include="Graphics.cpp">
      <Filter>Source Files</Filter>
    </ClCompile>
    <ClCompile Include="KeywordSearch.cpp">
      <Filter>Source Files</Filter>
    </ClCompile>
    <ClCompile Include="EventInfoUtil.cpp">
      <Filter>Source Files</Filter>
    </ClCompile>
    <ClCompile Include="ThemeManager.cpp">
      <Filter>Source Files</Filter>
    </ClCompile>
    <ClCompile Include="NetworkDefinition.cpp">
      <Filter>Source Files</Filter>
    </ClCompile>
    <ClCompile Include="AppEvent.cpp">
      <Filter>Source Files</Filter>
    </ClCompile>
    <ClCompile Include="EpgCapture.cpp">
      <Filter>Source Files</Filter>
    </ClCompile>
    <ClCompile Include="ProgramGuideToolbarOptions.cpp">
      <Filter>Source Files</Filter>
    </ClCompile>
    <ClCompile Include="ListView.cpp">
      <Filter>Source Files</Filter>
    </ClCompile>
    <ClCompile Include="TSProcessorManager.cpp">
      <Filter>Source Files</Filter>
    </ClCompile>
    <ClCompile Include="TSProcessor.cpp">
      <Filter>Source Files</Filter>
    </ClCompile>
    <ClCompile Include="TSProcessorOptions.cpp">
      <Filter>Source Files</Filter>
    </ClCompile>
    <ClCompile Include="TSProcessorErrorDialog.cpp">
      <Filter>Source Files</Filter>
    </ClCompile>
    <ClCompile Include="ComUtility.cpp">
      <Filter>Source Files</Filter>
    </ClCompile>
    <ClCompile Include="AudioOptions.cpp">
      <Filter>Source Files</Filter>
    </ClCompile>
    <ClCompile Include="AudioManager.cpp">
      <Filter>Source Files</Filter>
    </ClCompile>
    <ClCompile Include="WheelCommand.cpp">
      <Filter>Source Files</Filter>
    </ClCompile>
    <ClCompile Include="TaskTray.cpp">
      <Filter>Source Files</Filter>
    </ClCompile>
    <ClCompile Include="TextDraw.cpp">
      <Filter>Source Files</Filter>
    </ClCompile>
    <ClCompile Include="ChannelInput.cpp">
      <Filter>Source Files</Filter>
    </ClCompile>
    <ClCompile Include="MainPanel.cpp">
      <Filter>Source Files</Filter>
    </ClCompile>
    <ClCompile Include="Epg.cpp">
      <Filter>Source Files</Filter>
    </ClCompile>
    <ClCompile Include="MainDisplay.cpp">
      <Filter>Source Files</Filter>
    </ClCompile>
    <ClCompile Include="GUIUtil.cpp">
      <Filter>Source Files</Filter>
    </ClCompile>
    <ClCompile Include="VariableString.cpp">
      <Filter>Source Files</Filter>
    </ClCompile>
    <ClCompile Include="TaskbarOptions.cpp">
      <Filter>Source Files</Filter>
    </ClCompile>
    <ClCompile Include="VideoOptions.cpp">
      <Filter>Source Files</Filter>
    </ClCompile>
    <ClCompile Include="TaskbarSharedProperties.cpp">
      <Filter>Source Files</Filter>
    </ClCompile>
    <ClCompile Include="SharedMemory.cpp">
      <Filter>Source Files</Filter>
    </ClCompile>
    <ClCompile Include="DirectWrite.cpp">
      <Filter>Source Files</Filter>
    </ClCompile>
    <ClCompile Include="TextDrawClient.cpp">
      <Filter>Source Files</Filter>
    </ClCompile>
    <ClCompile Include="DirectWriteOptionsDialog.cpp">
      <Filter>Source Files</Filter>
    </ClCompile>
    <ClCompile Include="ProgramGuideTool.cpp">
      <Filter>Source Files</Filter>
    </ClCompile>
    <ClCompile Include="VideoDecoderOptions.cpp">
      <Filter>Source Files</Filter>
    </ClCompile>
    <ClCompile Include="StyleUtil.cpp">
      <Filter>Source Files</Filter>
    </ClCompile>
    <ClCompile Include="ThemeDraw.cpp">
      <Filter>Source Files</Filter>
    </ClCompile>
    <ClCompile Include="ColorSchemeOptions.cpp">
      <Filter>Source Files</Filter>
    </ClCompile>
    <ClCompile Include="VariableManager.cpp">
      <Filter>Source Files</Filter>
    </ClCompile>
    <ClCompile Include="DPIUtil.cpp">
      <Filter>Source Files</Filter>
    </ClCompile>
    <ClCompile Include="EpgDataStore.cpp">
      <Filter>Source Files</Filter>
    </ClCompile>
    <ClCompile Include="PathUtil.cpp">
      <Filter>Source Files</Filter>
    </ClCompile>
    <ClCompile Include="AppCommand.cpp">
      <Filter>Source Files</Filter>
    </ClCompile>
    <ClCompile Include="DarkMode.cpp">
      <Filter>Source Files</Filter>
    </ClCompile>
    <ClCompile Include="EventInfoOSD.cpp">
      <Filter>Source Files</Filter>
    </ClCompile>
    <ClCompile Include="NotificationBarOptions.cpp">
      <Filter>Source Files</Filter>
    </ClCompile>
  </ItemGroup>
  <ItemGroup>
    <ClInclude Include="Accelerator.h">
      <Filter>Header Files</Filter>
    </ClInclude>
    <ClInclude Include="Aero.h">
      <Filter>Header Files</Filter>
    </ClInclude>
    <ClInclude Include="AppUtil.h">
      <Filter>Header Files</Filter>
    </ClInclude>
    <ClInclude Include="BasicWindow.h">
      <Filter>Header Files</Filter>
    </ClInclude>
    <ClInclude Include="CaptionPanel.h">
      <Filter>Header Files</Filter>
    </ClInclude>
    <ClInclude Include="Capture.h">
      <Filter>Header Files</Filter>
    </ClInclude>
    <ClInclude Include="CaptureOptions.h">
      <Filter>Header Files</Filter>
    </ClInclude>
    <ClInclude Include="ChannelHistory.h">
      <Filter>Header Files</Filter>
    </ClInclude>
    <ClInclude Include="ChannelList.h">
      <Filter>Header Files</Filter>
    </ClInclude>
    <ClInclude Include="ChannelManager.h">
      <Filter>Header Files</Filter>
    </ClInclude>
    <ClInclude Include="ChannelPanel.h">
      <Filter>Header Files</Filter>
    </ClInclude>
    <ClInclude Include="ChannelScan.h">
      <Filter>Header Files</Filter>
    </ClInclude>
    <ClInclude Include="ColorPalette.h">
      <Filter>Header Files</Filter>
    </ClInclude>
    <ClInclude Include="ColorScheme.h">
      <Filter>Header Files</Filter>
    </ClInclude>
    <ClInclude Include="Command.h">
      <Filter>Header Files</Filter>
    </ClInclude>
    <ClInclude Include="CommandLine.h">
      <Filter>Header Files</Filter>
    </ClInclude>
    <ClInclude Include="Controller.h">
      <Filter>Header Files</Filter>
    </ClInclude>
    <ClInclude Include="ControlPanel.h">
      <Filter>Header Files</Filter>
    </ClInclude>
    <ClInclude Include="ControlPanelItems.h">
      <Filter>Header Files</Filter>
    </ClInclude>
    <ClInclude Include="CoreEngine.h">
      <Filter>Header Files</Filter>
    </ClInclude>
    <ClInclude Include="DebugHelper.h">
      <Filter>Header Files</Filter>
    </ClInclude>
    <ClInclude Include="Dialog.h">
      <Filter>Header Files</Filter>
    </ClInclude>
    <ClInclude Include="DialogUtil.h">
      <Filter>Header Files</Filter>
    </ClInclude>
    <ClInclude Include="DrawUtil.h">
      <Filter>Header Files</Filter>
    </ClInclude>
    <ClInclude Include="DriverManager.h">
      <Filter>Header Files</Filter>
    </ClInclude>
    <ClInclude Include="DriverOptions.h">
      <Filter>Header Files</Filter>
    </ClInclude>
    <ClInclude Include="EpgDataLoader.h">
      <Filter>Header Files</Filter>
    </ClInclude>
    <ClInclude Include="EpgOptions.h">
      <Filter>Header Files</Filter>
    </ClInclude>
    <ClInclude Include="EventInfoPopup.h">
      <Filter>Header Files</Filter>
    </ClInclude>
    <ClInclude Include="GeneralOptions.h">
      <Filter>Header Files</Filter>
    </ClInclude>
    <ClInclude Include="Help.h">
      <Filter>Header Files</Filter>
    </ClInclude>
    <ClInclude Include="Image.h">
      <Filter>Header Files</Filter>
    </ClInclude>
    <ClInclude Include="InformationPanel.h">
      <Filter>Header Files</Filter>
    </ClInclude>
    <ClInclude Include="InitialSettings.h">
      <Filter>Header Files</Filter>
    </ClInclude>
    <ClInclude Include="Layout.h">
      <Filter>Header Files</Filter>
    </ClInclude>
    <ClInclude Include="Logger.h">
      <Filter>Header Files</Filter>
    </ClInclude>
    <ClInclude Include="LogoManager.h">
      <Filter>Header Files</Filter>
    </ClInclude>
    <ClInclude Include="MainWindow.h">
      <Filter>Header Files</Filter>
    </ClInclude>
    <ClInclude Include="Menu.h">
      <Filter>Header Files</Filter>
    </ClInclude>
    <ClInclude Include="MessageDialog.h">
      <Filter>Header Files</Filter>
    </ClInclude>
    <ClInclude Include="AboutDialog.h">
      <Filter>Header Files</Filter>
    </ClInclude>
    <ClInclude Include="NotificationBar.h">
      <Filter>Header Files</Filter>
    </ClInclude>
    <ClInclude Include="OperationOptions.h">
      <Filter>Header Files</Filter>
    </ClInclude>
    <ClInclude Include="Options.h">
      <Filter>Header Files</Filter>
    </ClInclude>
    <ClInclude Include="OSDManager.h">
      <Filter>Header Files</Filter>
    </ClInclude>
    <ClInclude Include="OSDOptions.h">
      <Filter>Header Files</Filter>
    </ClInclude>
    <ClInclude Include="Panel.h">
      <Filter>Header Files</Filter>
    </ClInclude>
    <ClInclude Include="PanelForm.h">
      <Filter>Header Files</Filter>
    </ClInclude>
    <ClInclude Include="PanelOptions.h">
      <Filter>Header Files</Filter>
    </ClInclude>
    <ClInclude Include="PlaybackOptions.h">
      <Filter>Header Files</Filter>
    </ClInclude>
    <ClInclude Include="Plugin.h">
      <Filter>Header Files</Filter>
    </ClInclude>
    <ClInclude Include="ProgramGuide.h">
      <Filter>Header Files</Filter>
    </ClInclude>
    <ClInclude Include="ProgramGuideOptions.h">
      <Filter>Header Files</Filter>
    </ClInclude>
    <ClInclude Include="ProgramListPanel.h">
      <Filter>Header Files</Filter>
    </ClInclude>
    <ClInclude Include="ProgramSearch.h">
      <Filter>Header Files</Filter>
    </ClInclude>
    <ClInclude Include="PseudoOSD.h">
      <Filter>Header Files</Filter>
    </ClInclude>
    <ClInclude Include="RawInput.h">
      <Filter>Header Files</Filter>
    </ClInclude>
    <ClInclude Include="Record.h">
      <Filter>Header Files</Filter>
    </ClInclude>
    <ClInclude Include="RecordOptions.h">
      <Filter>Header Files</Filter>
    </ClInclude>
    <ClInclude Include="resource.h">
      <Filter>Header Files</Filter>
    </ClInclude>
    <ClInclude Include="RichEditUtil.h">
      <Filter>Header Files</Filter>
    </ClInclude>
    <ClInclude Include="Settings.h">
      <Filter>Header Files</Filter>
    </ClInclude>
    <ClInclude Include="SideBar.h">
      <Filter>Header Files</Filter>
    </ClInclude>
    <ClInclude Include="SideBarOptions.h">
      <Filter>Header Files</Filter>
    </ClInclude>
    <ClInclude Include="StatusItems.h">
      <Filter>Header Files</Filter>
    </ClInclude>
    <ClInclude Include="StatusOptions.h">
      <Filter>Header Files</Filter>
    </ClInclude>
    <ClInclude Include="StatusView.h">
      <Filter>Header Files</Filter>
    </ClInclude>
    <ClInclude Include="stdafx.h">
      <Filter>Header Files</Filter>
    </ClInclude>
    <ClInclude Include="StreamInfo.h">
      <Filter>Header Files</Filter>
    </ClInclude>
    <ClInclude Include="Taskbar.h">
      <Filter>Header Files</Filter>
    </ClInclude>
    <ClInclude Include="Theme.h">
      <Filter>Header Files</Filter>
    </ClInclude>
    <ClInclude Include="TitleBar.h">
      <Filter>Header Files</Filter>
    </ClInclude>
    <ClInclude Include="Tooltip.h">
      <Filter>Header Files</Filter>
    </ClInclude>
    <ClInclude Include="TVTest.h">
      <Filter>Header Files</Filter>
    </ClInclude>
    <ClInclude Include="TVTestPlugin.h">
      <Filter>Header Files</Filter>
    </ClInclude>
    <ClInclude Include="UICore.h">
      <Filter>Header Files</Filter>
    </ClInclude>
    <ClInclude Include="UISkin.h">
      <Filter>Header Files</Filter>
    </ClInclude>
    <ClInclude Include="Util.h">
      <Filter>Header Files</Filter>
    </ClInclude>
    <ClInclude Include="View.h">
      <Filter>Header Files</Filter>
    </ClInclude>
    <ClInclude Include="ViewOptions.h">
      <Filter>Header Files</Filter>
    </ClInclude>
    <ClInclude Include="WindowUtil.h">
      <Filter>Header Files</Filter>
    </ClInclude>
    <ClInclude Include="ZoomOptions.h">
      <Filter>Header Files</Filter>
    </ClInclude>
    <ClInclude Include="Help\HelpID.h">
      <Filter>Header Files</Filter>
    </ClInclude>
    <ClInclude Include="EpgUtil.h">
      <Filter>Header Files</Filter>
    </ClInclude>
    <ClInclude Include="PanAndScanOptions.h">
      <Filter>Header Files</Filter>
    </ClInclude>
    <ClInclude Include="OptionDialog.h">
      <Filter>Header Files</Filter>
    </ClInclude>
    <ClInclude Include="StringUtility.h">
      <Filter>Header Files</Filter>
    </ClInclude>
    <ClInclude Include="IniFile.h">
      <Filter>Header Files</Filter>
    </ClInclude>
    <ClInclude Include="Favorites.h">
      <Filter>Header Files</Filter>
    </ClInclude>
    <ClInclude Include="EpgChannelSettings.h">
      <Filter>Header Files</Filter>
    </ClInclude>
    <ClInclude Include="RegExp.h">
      <Filter>Header Files</Filter>
    </ClInclude>
    <ClInclude Include="MenuOptions.h">
      <Filter>Header Files</Filter>
    </ClInclude>
    <ClInclude Include="ChannelDisplay.h">
      <Filter>Header Files</Filter>
    </ClInclude>
    <ClInclude Include="HomeDisplay.h">
      <Filter>Header Files</Filter>
    </ClInclude>
    <ClInclude Include="ProgramGuideFavorites.h">
      <Filter>Header Files</Filter>
    </ClInclude>
    <ClInclude Include="FeaturedEvents.h">
      <Filter>Header Files</Filter>
    </ClInclude>
    <ClInclude Include="AppCore.h">
      <Filter>Header Files</Filter>
    </ClInclude>
    <ClInclude Include="AppMain.h">
      <Filter>Header Files</Filter>
    </ClInclude>
    <ClInclude Include="UIBase.h">
      <Filter>Header Files</Filter>
    </ClInclude>
    <ClInclude Include="Style.h">
      <Filter>Header Files</Filter>
    </ClInclude>
    <ClInclude Include="Graphics.h">
      <Filter>Header Files</Filter>
    </ClInclude>
    <ClInclude Include="KeywordSearch.h">
      <Filter>Header Files</Filter>
    </ClInclude>
    <ClInclude Include="EventInfoUtil.h">
      <Filter>Header Files</Filter>
    </ClInclude>
    <ClInclude Include="ThemeManager.h">
      <Filter>Header Files</Filter>
    </ClInclude>
    <ClInclude Include="NetworkDefinition.h">
      <Filter>Header Files</Filter>
    </ClInclude>
    <ClInclude Include="AppEvent.h">
      <Filter>Header Files</Filter>
    </ClInclude>
    <ClInclude Include="EpgCapture.h">
      <Filter>Header Files</Filter>
    </ClInclude>
    <ClInclude Include="ProgramGuideToolbarOptions.h">
      <Filter>Header Files</Filter>
    </ClInclude>
    <ClInclude Include="ListView.h">
      <Filter>Header Files</Filter>
    </ClInclude>
    <ClInclude Include="TVTestInterface.h">
      <Filter>Header Files</Filter>
    </ClInclude>
    <ClInclude Include="TSProcessorManager.h">
      <Filter>Header Files</Filter>
    </ClInclude>
    <ClInclude Include="TSProcessor.h">
      <Filter>Header Files</Filter>
    </ClInclude>
    <ClInclude Include="TSProcessorOptions.h">
      <Filter>Header Files</Filter>
    </ClInclude>
    <ClInclude Include="TSProcessorErrorDialog.h">
      <Filter>Header Files</Filter>
    </ClInclude>
    <ClInclude Include="ComUtility.h">
      <Filter>Header Files</Filter>
    </ClInclude>
    <ClInclude Include="AudioOptions.h">
      <Filter>Header Files</Filter>
    </ClInclude>
    <ClInclude Include="AudioManager.h">
      <Filter>Header Files</Filter>
    </ClInclude>
    <ClInclude Include="WheelCommand.h">
      <Filter>Header Files</Filter>
    </ClInclude>
    <ClInclude Include="TaskTray.h">
      <Filter>Header Files</Filter>
    </ClInclude>
    <ClInclude Include="TextDraw.h">
      <Filter>Header Files</Filter>
    </ClInclude>
    <ClInclude Include="ChannelInput.h">
      <Filter>Header Files</Filter>
    </ClInclude>
    <ClInclude Include="MainPanel.h">
      <Filter>Header Files</Filter>
    </ClInclude>
    <ClInclude Include="Epg.h">
      <Filter>Header Files</Filter>
    </ClInclude>
    <ClInclude Include="MainDisplay.h">
      <Filter>Header Files</Filter>
    </ClInclude>
    <ClInclude Include="GUIUtil.h">
      <Filter>Header Files</Filter>
    </ClInclude>
    <ClInclude Include="VariableString.h">
      <Filter>Header Files</Filter>
    </ClInclude>
    <ClInclude Include="TaskbarOptions.h">
      <Filter>Header Files</Filter>
    </ClInclude>
    <ClInclude Include="VideoOptions.h">
      <Filter>Header Files</Filter>
    </ClInclude>
    <ClInclude Include="TaskbarSharedProperties.h">
      <Filter>Header Files</Filter>
    </ClInclude>
    <ClInclude Include="SharedMemory.h">
      <Filter>Header Files</Filter>
    </ClInclude>
    <ClInclude Include="DirectWrite.h">
      <Filter>Header Files</Filter>
    </ClInclude>
    <ClInclude Include="TextDrawClient.h">
      <Filter>Header Files</Filter>
    </ClInclude>
    <ClInclude Include="DirectWriteOptionsDialog.h">
      <Filter>Header Files</Filter>
    </ClInclude>
    <ClInclude Include="ProgramGuideTool.h">
      <Filter>Header Files</Filter>
    </ClInclude>
    <ClInclude Include="VideoDecoderOptions.h">
      <Filter>Header Files</Filter>
    </ClInclude>
    <ClInclude Include="StyleUtil.h">
      <Filter>Header Files</Filter>
    </ClInclude>
    <ClInclude Include="ThemeDraw.h">
      <Filter>Header Files</Filter>
    </ClInclude>
    <ClInclude Include="ColorSchemeOptions.h">
      <Filter>Header Files</Filter>
    </ClInclude>
    <ClInclude Include="VariableManager.h">
      <Filter>Header Files</Filter>
    </ClInclude>
    <ClInclude Include="DPIUtil.h">
      <Filter>Header Files</Filter>
    </ClInclude>
    <ClInclude Include="EpgDataStore.h">
      <Filter>Header Files</Filter>
    </ClInclude>
    <ClInclude Include="PathUtil.h">
      <Filter>Header Files</Filter>
    </ClInclude>
    <ClInclude Include="TVTestVersion.h">
      <Filter>Header Files</Filter>
    </ClInclude>
    <ClInclude Include="AppCommand.h">
      <Filter>Header Files</Filter>
    </ClInclude>
    <ClInclude Include="DarkMode.h">
      <Filter>Header Files</Filter>
    </ClInclude>
    <ClInclude Include="StringFormat.h">
      <Filter>Header Files</Filter>
    </ClInclude>
    <ClInclude Include="EventInfoOSD.h">
      <Filter>Header Files</Filter>
    </ClInclude>
    <ClInclude Include="NotificationBarOptions.h">
      <Filter>Header Files</Filter>
    </ClInclude>
  </ItemGroup>
  <ItemGroup>
    <ResourceCompile Include="TVTest.rc">
      <Filter>Resource Files</Filter>
    </ResourceCompile>
  </ItemGroup>
  <ItemGroup>
    <Manifest Include="Resource\TVTest.exe.manifest">
      <Filter>Resource Files</Filter>
    </Manifest>
  </ItemGroup>
</Project>