Microsoft Visual Studio Solution File, Format Version 12.00
# Visual Studio 15
VisualStudioVersion = 15.0.27130.0
MinimumVisualStudioVersion = 15.0.27130.0
Project("{8BC9CEB8-8B4A-11D0-8D11-00A0C91BC942}") = "TVTest", "TVTest.vcxproj", "{88CAD0EE-D7F6-412D-8691-D1FF19534587}"
	ProjectSection(ProjectDependencies) = postProject
		{77F6A763-E1AD-4A5F-BFD1-A99756FE412C} = {77F6A763-E1AD-4A5F-BFD1-A99756FE412C}
	EndProjectSection
EndProject
Project("{8BC9CEB8-8B4A-11D0-8D11-00A0C91BC942}") = "TVTest_Image", "TVTest_Image\TVTest_Image.vcxproj", "{77F6A763-E1AD-4A5F-BFD1-A99756FE412C}"
	ProjectSection(ProjectDependencies) = postProject
		{49A52336-1C89-4567-9127-7741D153D5CA} = {49A52336-1C89-4567-9127-7741D153D5CA}
		{DA09996A-073F-4D01-B8C5-A367ED14946A} = {DA09996A-073F-4D01-B8C5-A367ED14946A}
		{97FB8E71-E5AA-4CC6-B719-F55898873603} = {97FB8E71-E5AA-4CC6-B719-F55898873603}
		{007F4889-0E3B-439C-A6E6-DF64121609E3} = {007F4889-0E3B-439C-A6E6-DF64121609E3}
	EndProjectSection
EndProject
Project("{8BC9CEB8-8B4A-11D0-8D11-00A0C91BC942}") = "zlib", "TVTest_Image\zlib\zlib.vcxproj", "{49A52336-1C89-4567-9127-7741D153D5CA}"
EndProject
Project("{8BC9CEB8-8B4A-11D0-8D11-00A0C91BC942}") = "libjpeg", "TVTest_Image\libjpeg\libjpeg.vcxproj", "{97FB8E71-E5AA-4CC6-B719-F55898873603}"
EndProject
Project("{8BC9CEB8-8B4A-11D0-8D11-00A0C91BC942}") = "libpng", "TVTest_Image\libpng\libpng.vcxproj", "{007F4889-0E3B-439C-A6E6-DF64121609E3}"
	ProjectSection(ProjectDependencies) = postProject
		{49A52336-1C89-4567-9127-7741D153D5CA} = {49A52336-1C89-4567-9127-7741D153D5CA}
	EndProjectSection
EndProject
Project("{8BC9CEB8-8B4A-11D0-8D11-00A0C91BC942}") = "ImageLib", "TVTest_Image\ImageLib.vcxproj", "{DA09996A-073F-4D01-B8C5-A367ED14946A}"
	ProjectSection(ProjectDependencies) = postProject
		{49A52336-1C89-4567-9127-7741D153D5CA} = {49A52336-1C89-4567-9127-7741D153D5CA}
		{97FB8E71-E5AA-4CC6-B719-F55898873603} = {97FB8E71-E5AA-4CC6-B719-F55898873603}
		{007F4889-0E3B-439C-A6E6-DF64121609E3} = {007F4889-0E3B-439C-A6E6-DF64121609E3}
	EndProjectSection
EndProject
Global
	GlobalSection(SolutionConfigurationPlatforms) = preSolution
		Debug|Win32 = Debug|Win32
		Debug|x64 = Debug|x64
		Release_MD|Win32 = Release_MD|Win32
		Release_MD|x64 = Release_MD|x64
		Release|Win32 = Release|Win32
		Release|x64 = Release|x64
	EndGlobalSection
	GlobalSection(ProjectConfigurationPlatforms) = postSolution
		{88CAD0EE-D7F6-412D-8691-D1FF19534587}.Debug|Win32.ActiveCfg = Debug|Win32
		{88CAD0EE-D7F6-412D-8691-D1FF19534587}.Debug|Win32.Build.0 = Debug|Win32
		{88CAD0EE-D7F6-412D-8691-D1FF19534587}.Debug|x64.ActiveCfg = Debug|x64
		{88CAD0EE-D7F6-412D-8691-D1FF19534587}.Debug|x64.Build.0 = Debug|x64
		{88CAD0EE-D7F6-412D-8691-D1FF19534587}.Release_MD|Win32.ActiveCfg = Release_MD|Win32
		{88CAD0EE-D7F6-412D-8691-D1FF19534587}.Release_MD|Win32.Build.0 = Release_MD|Win32
		{88CAD0EE-D7F6-412D-8691-D1FF19534587}.Release_MD|x64.ActiveCfg = Release_MD|x64
		{88CAD0EE-D7F6-412D-8691-D1FF19534587}.Release_MD|x64.Build.0 = Release_MD|x64
		{88CAD0EE-D7F6-412D-8691-D1FF19534587}.Release|Win32.ActiveCfg = Release|Win32
		{88CAD0EE-D7F6-412D-8691-D1FF19534587}.Release|Win32.Build.0 = Release|Win32
		{88CAD0EE-D7F6-412D-8691-D1FF19534587}.Release|x64.ActiveCfg = Release|x64
		{88CAD0EE-D7F6-412D-8691-D1FF19534587}.Release|x64.Build.0 = Release|x64
		{77F6A763-E1AD-4A5F-BFD1-A99756FE412C}.Debug|Win32.ActiveCfg = Debug|Win32
		{77F6A763-E1AD-4A5F-BFD1-A99756FE412C}.Debug|Win32.Build.0 = Debug|Win32
		{77F6A763-E1AD-4A5F-BFD1-A99756FE412C}.Debug|x64.ActiveCfg = Debug|x64
		{77F6A763-E1AD-4A5F-BFD1-A99756FE412C}.Debug|x64.Build.0 = Debug|x64
		{77F6A763-E1AD-4A5F-BFD1-A99756FE412C}.Release_MD|Win32.ActiveCfg = Release_MD|Win32
		{77F6A763-E1AD-4A5F-BFD1-A99756FE412C}.Release_MD|Win32.Build.0 = Release_MD|Win32
		{77F6A763-E1AD-4A5F-BFD1-A99756FE412C}.Release_MD|x64.ActiveCfg = Release_MD|x64
		{77F6A763-E1AD-4A5F-BFD1-A99756FE412C}.Release_MD|x64.Build.0 = Release_MD|x64
		{77F6A763-E1AD-4A5F-BFD1-A99756FE412C}.Release|Win32.ActiveCfg = Release|Win32
		{77F6A763-E1AD-4A5F-BFD1-A99756FE412C}.Release|Win32.Build.0 = Release|Win32
		{77F6A763-E1AD-4A5F-BFD1-A99756FE412C}.Release|x64.ActiveCfg = Release|x64
		{77F6A763-E1AD-4A5F-BFD1-A99756FE412C}.Release|x64.Build.0 = Release|x64
		{49A52336-1C89-4567-9127-7741D153D5CA}.Debug|Win32.ActiveCfg = Debug|Win32
		{49A52336-1C89-4567-9127-7741D153D5CA}.Debug|Win32.Build.0 = Debug|Win32
		{49A52336-1C89-4567-9127-7741D153D5CA}.Debug|x64.ActiveCfg = Debug|x64
		{49A52336-1C89-4567-9127-7741D153D5CA}.Debug|x64.Build.0 = Debug|x64
		{49A52336-1C89-4567-9127-7741D153D5CA}.Release_MD|Win32.ActiveCfg = Release_MD|Win32
		{49A52336-1C89-4567-9127-7741D153D5CA}.Release_MD|Win32.Build.0 = Release_MD|Win32
		{49A52336-1C89-4567-9127-7741D153D5CA}.Release_MD|x64.ActiveCfg = Release_MD|x64
		{49A52336-1C89-4567-9127-7741D153D5CA}.Release_MD|x64.Build.0 = Release_MD|x64
		{49A52336-1C89-4567-9127-7741D153D5CA}.Release|Win32.ActiveCfg = Release|Win32
		{49A52336-1C89-4567-9127-7741D153D5CA}.Release|Win32.Build.0 = Release|Win32
		{49A52336-1C89-4567-9127-7741D153D5CA}.Release|x64.ActiveCfg = Release|x64
		{49A52336-1C89-4567-9127-7741D153D5CA}.Release|x64.Build.0 = Release|x64
		{97FB8E71-E5AA-4CC6-B719-F55898873603}.Debug|Win32.ActiveCfg = Debug|Win32
		{97FB8E71-E5AA-4CC6-B719-F55898873603}.Debug|Win32.Build.0 = Debug|Win32
		{97FB8E71-E5AA-4CC6-B719-F55898873603}.Debug|x64.ActiveCfg = Debug|x64
		{97FB8E71-E5AA-4CC6-B719-F55898873603}.Debug|x64.Build.0 = Debug|x64
		{97FB8E71-E5AA-4CC6-B719-F55898873603}.Release_MD|Win32.ActiveCfg = Release_MD|Win32
		{97FB8E71-E5AA-4CC6-B719-F55898873603}.Release_MD|Win32.Build.0 = Release_MD|Win32
		{97FB8E71-E5AA-4CC6-B719-F55898873603}.Release_MD|x64.ActiveCfg = Release_MD|x64
		{97FB8E71-E5AA-4CC6-B719-F55898873603}.Release_MD|x64.Build.0 = Release_MD|x64
		{97FB8E71-E5AA-4CC6-B719-F55898873603}.Release|Win32.ActiveCfg = Release|Win32
		{97FB8E71-E5AA-4CC6-B719-F55898873603}.Release|Win32.Build.0 = Release|Win32
		{97FB8E71-E5AA-4CC6-B719-F55898873603}.Release|x64.ActiveCfg = Release|x64
		{97FB8E71-E5AA-4CC6-B719-F55898873603}.Release|x64.Build.0 = Release|x64
		{007F4889-0E3B-439C-A6E6-DF64121609E3}.Debug|Win32.ActiveCfg = Debug|Win32
		{007F4889-0E3B-439C-A6E6-DF64121609E3}.Debug|Win32.Build.0 = Debug|Win32
		{007F4889-0E3B-439C-A6E6-DF64121609E3}.Debug|x64.ActiveCfg = Debug|x64
		{007F4889-0E3B-439C-A6E6-DF64121609E3}.Debug|x64.Build.0 = Debug|x64
		{007F4889-0E3B-439C-A6E6-DF64121609E3}.Release_MD|Win32.ActiveCfg = Release_MD|Win32
		{007F4889-0E3B-439C-A6E6-DF64121609E3}.Release_MD|Win32.Build.0 = Release_MD|Win32
		{007F4889-0E3B-439C-A6E6-DF64121609E3}.Release_MD|x64.ActiveCfg = Release_MD|x64
		{007F4889-0E3B-439C-A6E6-DF64121609E3}.Release_MD|x64.Build.0 = Release_MD|x64
		{007F4889-0E3B-439C-A6E6-DF64121609E3}.Release|Win32.ActiveCfg = Release|Win32
		{007F4889-0E3B-439C-A6E6-DF64121609E3}.Release|Win32.Build.0 = Release|Win32
		{007F4889-0E3B-439C-A6E6-DF64121609E3}.Release|x64.ActiveCfg = Release|x64
		{007F4889-0E3B-439C-A6E6-DF64121609E3}.Release|x64.Build.0 = Release|x64
		{DA09996A-073F-4D01-B8C5-A367ED14946A}.Debug|Win32.ActiveCfg = Debug|Win32
		{DA09996A-073F-4D01-B8C5-A367ED14946A}.Debug|Win32.Build.0 = Debug|Win32
		{DA09996A-073F-4D01-B8C5-A367ED14946A}.Debug|x64.ActiveCfg = Debug|x64
		{DA09996A-073F-4D01-B8C5-A367ED14946A}.Debug|x64.Build.0 = Debug|x64
		{DA09996A-073F-4D01-B8C5-A367ED14946A}.Release_MD|Win32.ActiveCfg = Release_MD|Win32
		{DA09996A-073F-4D01-B8C5-A367ED14946A}.Release_MD|Win32.Build.0 = Release_MD|Win32
		{DA09996A-073F-4D01-B8C5-A367ED14946A}.Release_MD|x64.ActiveCfg = Release_MD|x64
		{DA09996A-073F-4D01-B8C5-A367ED14946A}.Release_MD|x64.Build.0 = Release_MD|x64
		{DA09996A-073F-4D01-B8C5-A367ED14946A}.Release|Win32.ActiveCfg = Release|Win32
		{DA09996A-073F-4D01-B8C5-A367ED14946A}.Release|Win32.Build.0 = Release|Win32
		{DA09996A-073F-4D01-B8C5-A367ED14946A}.Release|x64.ActiveCfg = Release|x64
		{DA09996A-073F-4D01-B8C5-A367ED14946A}.Release|x64.Build.0 = Release|x64
	EndGlobalSection
	GlobalSection(SolutionProperties) = preSolution
		HideSolutionNode = FALSE
	EndGlobalSection
EndGlobal
